
Microsoft Visual Studio Solution File, Format Version 12.00
# Visual Studio Version 17
VisualStudioVersion = 17.6.33829.357
MinimumVisualStudioVersion = 10.0.40219.1
Project("{FAE04EC0-301F-11D3-BF4B-00C04F79EFBC}") = "Repeat", "Repeat\Repeat.csproj", "{19E06BF7-0722-4871-AFFB-CD4C054A5AD9}"
EndProject
Global
	GlobalSection(SolutionConfigurationPlatforms) = preSolution
		Debug|Any CPU = Debug|Any CPU
		Release|Any CPU = Release|Any CPU
	EndGlobalSection
	GlobalSection(ProjectConfigurationPlatforms) = postSolution
		{19E06BF7-0722-4871-AFFB-CD4C054A5AD9}.Debug|Any CPU.ActiveCfg = Debug|Any CPU
		{19E06BF7-0722-4871-AFFB-CD4C054A5AD9}.Debug|Any CPU.Build.0 = Debug|Any CPU
		{19E06BF7-0722-4871-AFFB-CD4C054A5AD9}.Release|Any CPU.ActiveCfg = Release|Any CPU
		{19E06BF7-0722-4871-AFFB-CD4C054A5AD9}.Release|Any CPU.Build.0 = Release|Any CPU
	EndGlobalSection
	GlobalSection(SolutionProperties) = preSolution
		HideSolutionNode = FALSE
	EndGlobalSection
	GlobalSection(ExtensibilityGlobals) = postSolution
		SolutionGuid = {509B2229-AAC2-4D5E-B1B9-3DDB1A0883DD}
	EndGlobalSection
EndGlobal
